
Microsoft Visual Studio Solution File, Format Version 12.00
# Visual Studio 2012
Project("{FAE04EC0-301F-11D3-BF4B-00C04F79EFBC}") = "OrcaTest", "OrcaTest\OrcaTest.csproj", "{BD87D0BF-CE17-4C76-B17C-178254F4D1EE}"
EndProject
Project("{FAE04EC0-301F-11D3-BF4B-00C04F79EFBC}") = "RobotLibrary", "..\..\S1102 MoMath Exhibits\Robot Swarm\RobotLibrary\RobotLibrary.csproj", "{6BC4ABB6-AC55-4848-BABC-8F708B9EEC62}"
EndProject
Global
	GlobalSection(SolutionConfigurationPlatforms) = preSolution
		Debug|Any CPU = Debug|Any CPU
		Release|Any CPU = Release|Any CPU
	EndGlobalSection
	GlobalSection(ProjectConfigurationPlatforms) = postSolution
		{BD87D0BF-CE17-4C76-B17C-178254F4D1EE}.Debug|Any CPU.ActiveCfg = Debug|Any CPU
		{BD87D0BF-CE17-4C76-B17C-178254F4D1EE}.Debug|Any CPU.Build.0 = Debug|Any CPU
		{BD87D0BF-CE17-4C76-B17C-178254F4D1EE}.Release|Any CPU.ActiveCfg = Release|Any CPU
		{BD87D0BF-CE17-4C76-B17C-178254F4D1EE}.Release|Any CPU.Build.0 = Release|Any CPU
		{6BC4ABB6-AC55-4848-BABC-8F708B9EEC62}.Debug|Any CPU.ActiveCfg = Debug|Any CPU
		{6BC4ABB6-AC55-4848-BABC-8F708B9EEC62}.Debug|Any CPU.Build.0 = Debug|Any CPU
		{6BC4ABB6-AC55-4848-BABC-8F708B9EEC62}.Release|Any CPU.ActiveCfg = Release|Any CPU
		{6BC4ABB6-AC55-4848-BABC-8F708B9EEC62}.Release|Any CPU.Build.0 = Release|Any CPU
	EndGlobalSection
	GlobalSection(SolutionProperties) = preSolution
		HideSolutionNode = FALSE
	EndGlobalSection
EndGlobal
